
Microsoft Visual Studio Solution File, Format Version 12.00
# Visual Studio 15
VisualStudioVersion = 15.0.28010.2036
MinimumVisualStudioVersion = 10.0.40219.1
Project("{8BC9CEB8-8B4A-11D0-8D11-00A0C91BC942}") = "testeopengl", "testeopengl\testeopengl.vcxproj", "{69C55013-937B-4C81-A655-C228C42E0115}"
EndProject
Global
	GlobalSection(SolutionConfigurationPlatforms) = preSolution
		Debug|x64 = Debug|x64
		Debug|x86 = Debug|x86
		Release|x64 = Release|x64
		Release|x86 = Release|x86
	EndGlobalSection
	GlobalSection(ProjectConfigurationPlatforms) = postSolution
		{69C55013-937B-4C81-A655-C228C42E0115}.Debug|x64.ActiveCfg = Debug|x64
		{69C55013-937B-4C81-A655-C228C42E0115}.Debug|x64.Build.0 = Debug|x64
		{69C55013-937B-4C81-A655-C228C42E0115}.Debug|x86.ActiveCfg = Debug|Win32
		{69C55013-937B-4C81-A655-C228C42E0115}.Debug|x86.Build.0 = Debug|Win32
		{69C55013-937B-4C81-A655-C228C42E0115}.Release|x64.ActiveCfg = Release|x64
		{69C55013-937B-4C81-A655-C228C42E0115}.Release|x64.Build.0 = Release|x64
		{69C55013-937B-4C81-A655-C228C42E0115}.Release|x86.ActiveCfg = Release|Win32
		{69C55013-937B-4C81-A655-C228C42E0115}.Release|x86.Build.0 = Release|Win32
	EndGlobalSection
	GlobalSection(SolutionProperties) = preSolution
		HideSolutionNode = FALSE
	EndGlobalSection
	GlobalSection(ExtensibilityGlobals) = postSolution
		SolutionGuid = {6760A68E-D566-44B6-AEE8-4362BA0E2C7D}
	EndGlobalSection
EndGlobal
